
Microsoft Visual Studio Solution File, Format Version 12.00
# Visual Studio Version 17
VisualStudioVersion = 17.9.34607.119
MinimumVisualStudioVersion = 10.0.40219.1
Project("{FAE04EC0-301F-11D3-BF4B-00C04F79EFBC}") = "AutoDrivingCarSimulation", "AutoDrivingCarSimulation\AutoDrivingCarSimulation.csproj", "{88A772F3-3741-498C-842D-7B82B562F83C}"
EndProject
Project("{FAE04EC0-301F-11D3-BF4B-00C04F79EFBC}") = "AutoDrivingCarSimulation.UnitTests", "AutoDrivingCarSimulation.UnitTests\AutoDrivingCarSimulation.UnitTests.csproj", "{C323A2DC-120A-408F-9671-716D5F6D1E0D}"
EndProject
Global
	GlobalSection(SolutionConfigurationPlatforms) = preSolution
		Debug|Any CPU = Debug|Any CPU
		Release|Any CPU = Release|Any CPU
	EndGlobalSection
	GlobalSection(ProjectConfigurationPlatforms) = postSolution
		{88A772F3-3741-498C-842D-7B82B562F83C}.Debug|Any CPU.ActiveCfg = Debug|Any CPU
		{88A772F3-3741-498C-842D-7B82B562F83C}.Debug|Any CPU.Build.0 = Debug|Any CPU
		{88A772F3-3741-498C-842D-7B82B562F83C}.Release|Any CPU.ActiveCfg = Release|Any CPU
		{88A772F3-3741-498C-842D-7B82B562F83C}.Release|Any CPU.Build.0 = Release|Any CPU
		{C323A2DC-120A-408F-9671-716D5F6D1E0D}.Debug|Any CPU.ActiveCfg = Debug|Any CPU
		{C323A2DC-120A-408F-9671-716D5F6D1E0D}.Debug|Any CPU.Build.0 = Debug|Any CPU
		{C323A2DC-120A-408F-9671-716D5F6D1E0D}.Release|Any CPU.ActiveCfg = Release|Any CPU
		{C323A2DC-120A-408F-9671-716D5F6D1E0D}.Release|Any CPU.Build.0 = Release|Any CPU
	EndGlobalSection
	GlobalSection(SolutionProperties) = preSolution
		HideSolutionNode = FALSE
	EndGlobalSection
	GlobalSection(ExtensibilityGlobals) = postSolution
		SolutionGuid = {3D5CFDAF-BC52-4E72-8974-D46AC3C6ECDF}
	EndGlobalSection
EndGlobal
